
Microsoft Visual Studio Solution File, Format Version 12.00
# Visual Studio 14
VisualStudioVersion = 14.0.25420.1
MinimumVisualStudioVersion = 10.0.40219.1
Project("{FAE04EC0-301F-11D3-BF4B-00C04F79EFBC}") = "Model", "Model\Model.csproj", "{47F54263-C96B-4539-89F4-C9E6BA851C8F}"
EndProject
Project("{FAE04EC0-301F-11D3-BF4B-00C04F79EFBC}") = "MobileApp.Droid", "MobileApp\MobileApp.Droid\MobileApp.Droid.csproj", "{B3CC137F-F01F-41D7-BEDB-AB2A799CAAD5}"
EndProject
Project("{FAE04EC0-301F-11D3-BF4B-00C04F79EFBC}") = "MobileApp.iOS", "MobileApp\MobileApp.iOS\MobileApp.iOS.csproj", "{2CEFB71E-ABCA-4F3A-9FC5-DBB9E110694D}"
EndProject
Project("{FAE04EC0-301F-11D3-BF4B-00C04F79EFBC}") = "MobileApp.UWP", "MobileApp\MobileApp.UWP\MobileApp.UWP.csproj", "{10138302-8960-42EA-8553-ABCF9D63097C}"
EndProject
Project("{FAE04EC0-301F-11D3-BF4B-00C04F79EFBC}") = "MobileApp", "MobileApp\MobileApp\MobileApp.csproj", "{3F1852C9-8165-4CF9-A6B0-91B5995C56A0}"
EndProject
Project("{FAE04EC0-301F-11D3-BF4B-00C04F79EFBC}") = "StockProWebApi", "StockProWebApi\StockProWebApi.csproj", "{5B9D2E14-97EC-400F-9DED-CDFA01FA0643}"
EndProject
Project("{A07B5EB6-E848-4116-A8D0-A826331D98C6}") = "StockWebApi", "StockWebApi\StockWebApi.sfproj", "{B3A103C7-3420-4EAE-8C33-2C4D74237FA2}"
EndProject
Project("{FAE04EC0-301F-11D3-BF4B-00C04F79EFBC}") = "TestMLConsoleApp", "TestMLConsoleApp\TestMLConsoleApp.csproj", "{357CD057-0CE8-430F-97EE-BC0E18BA649F}"
EndProject
Global
	GlobalSection(SolutionConfigurationPlatforms) = preSolution
		Ad-Hoc|Any CPU = Ad-Hoc|Any CPU
		Ad-Hoc|ARM = Ad-Hoc|ARM
		Ad-Hoc|iPhone = Ad-Hoc|iPhone
		Ad-Hoc|iPhoneSimulator = Ad-Hoc|iPhoneSimulator
		Ad-Hoc|x64 = Ad-Hoc|x64
		Ad-Hoc|x86 = Ad-Hoc|x86
		AppStore|Any CPU = AppStore|Any CPU
		AppStore|ARM = AppStore|ARM
		AppStore|iPhone = AppStore|iPhone
		AppStore|iPhoneSimulator = AppStore|iPhoneSimulator
		AppStore|x64 = AppStore|x64
		AppStore|x86 = AppStore|x86
		Debug|Any CPU = Debug|Any CPU
		Debug|ARM = Debug|ARM
		Debug|iPhone = Debug|iPhone
		Debug|iPhoneSimulator = Debug|iPhoneSimulator
		Debug|x64 = Debug|x64
		Debug|x86 = Debug|x86
		Release|Any CPU = Release|Any CPU
		Release|ARM = Release|ARM
		Release|iPhone = Release|iPhone
		Release|iPhoneSimulator = Release|iPhoneSimulator
		Release|x64 = Release|x64
		Release|x86 = Release|x86
	EndGlobalSection
	GlobalSection(ProjectConfigurationPlatforms) = postSolution
		{47F54263-C96B-4539-89F4-C9E6BA851C8F}.Ad-Hoc|Any CPU.ActiveCfg = Release|Any CPU
		{47F54263-C96B-4539-89F4-C9E6BA851C8F}.Ad-Hoc|Any CPU.Build.0 = Release|Any CPU
		{47F54263-C96B-4539-89F4-C9E6BA851C8F}.Ad-Hoc|ARM.ActiveCfg = Release|Any CPU
		{47F54263-C96B-4539-89F4-C9E6BA851C8F}.Ad-Hoc|ARM.Build.0 = Release|Any CPU
		{47F54263-C96B-4539-89F4-C9E6BA851C8F}.Ad-Hoc|iPhone.ActiveCfg = Release|Any CPU
		{47F54263-C96B-4539-89F4-C9E6BA851C8F}.Ad-Hoc|iPhone.Build.0 = Release|Any CPU
		{47F54263-C96B-4539-89F4-C9E6BA851C8F}.Ad-Hoc|iPhoneSimulator.ActiveCfg = Release|Any CPU
		{47F54263-C96B-4539-89F4-C9E6BA851C8F}.Ad-Hoc|iPhoneSimulator.Build.0 = Release|Any CPU
		{47F54263-C96B-4539-89F4-C9E6BA851C8F}.Ad-Hoc|x64.ActiveCfg = Release|Any CPU
		{47F54263-C96B-4539-89F4-C9E6BA851C8F}.Ad-Hoc|x64.Build.0 = Release|Any CPU
		{47F54263-C96B-4539-89F4-C9E6BA851C8F}.Ad-Hoc|x86.ActiveCfg = Release|Any CPU
		{47F54263-C96B-4539-89F4-C9E6BA851C8F}.Ad-Hoc|x86.Build.0 = Release|Any CPU
		{47F54263-C96B-4539-89F4-C9E6BA851C8F}.AppStore|Any CPU.ActiveCfg = Release|Any CPU
		{47F54263-C96B-4539-89F4-C9E6BA851C8F}.AppStore|Any CPU.Build.0 = Release|Any CPU
		{47F54263-C96B-4539-89F4-C9E6BA851C8F}.AppStore|ARM.ActiveCfg = Release|Any CPU
		{47F54263-C96B-4539-89F4-C9E6BA851C8F}.AppStore|ARM.Build.0 = Release|Any CPU
		{47F54263-C96B-4539-89F4-C9E6BA851C8F}.AppStore|iPhone.ActiveCfg = Release|Any CPU
		{47F54263-C96B-4539-89F4-C9E6BA851C8F}.AppStore|iPhone.Build.0 = Release|Any CPU
		{47F54263-C96B-4539-89F4-C9E6BA851C8F}.AppStore|iPhoneSimulator.ActiveCfg = Release|Any CPU
		{47F54263-C96B-4539-89F4-C9E6BA851C8F}.AppStore|iPhoneSimulator.Build.0 = Release|Any CPU
		{47F54263-C96B-4539-89F4-C9E6BA851C8F}.AppStore|x64.ActiveCfg = Release|Any CPU
		{47F54263-C96B-4539-89F4-C9E6BA851C8F}.AppStore|x64.Build.0 = Release|Any CPU
		{47F54263-C96B-4539-89F4-C9E6BA851C8F}.AppStore|x86.ActiveCfg = Release|Any CPU
		{47F54263-C96B-4539-89F4-C9E6BA851C8F}.AppStore|x86.Build.0 = Release|Any CPU
		{47F54263-C96B-4539-89F4-C9E6BA851C8F}.Debug|Any CPU.ActiveCfg = Debug|Any CPU
		{47F54263-C96B-4539-89F4-C9E6BA851C8F}.Debug|Any CPU.Build.0 = Debug|Any CPU
		{47F54263-C96B-4539-89F4-C9E6BA851C8F}.Debug|ARM.ActiveCfg = Debug|Any CPU
		{47F54263-C96B-4539-89F4-C9E6BA851C8F}.Debug|ARM.Build.0 = Debug|Any CPU
		{47F54263-C96B-4539-89F4-C9E6BA851C8F}.Debug|iPhone.ActiveCfg = Debug|Any CPU
		{47F54263-C96B-4539-89F4-C9E6BA851C8F}.Debug|iPhone.Build.0 = Debug|Any CPU
		{47F54263-C96B-4539-89F4-C9E6BA851C8F}.Debug|iPhoneSimulator.ActiveCfg = Debug|Any CPU
		{47F54263-C96B-4539-89F4-C9E6BA851C8F}.Debug|iPhoneSimulator.Build.0 = Debug|Any CPU
		{47F54263-C96B-4539-89F4-C9E6BA851C8F}.Debug|x64.ActiveCfg = Debug|Any CPU
		{47F54263-C96B-4539-89F4-C9E6BA851C8F}.Debug|x64.Build.0 = Debug|Any CPU
		{47F54263-C96B-4539-89F4-C9E6BA851C8F}.Debug|x86.ActiveCfg = Debug|Any CPU
		{47F54263-C96B-4539-89F4-C9E6BA851C8F}.Debug|x86.Build.0 = Debug|Any CPU
		{47F54263-C96B-4539-89F4-C9E6BA851C8F}.Release|Any CPU.ActiveCfg = Release|Any CPU
		{47F54263-C96B-4539-89F4-C9E6BA851C8F}.Release|Any CPU.Build.0 = Release|Any CPU
		{47F54263-C96B-4539-89F4-C9E6BA851C8F}.Release|ARM.ActiveCfg = Release|Any CPU
		{47F54263-C96B-4539-89F4-C9E6BA851C8F}.Release|ARM.Build.0 = Release|Any CPU
		{47F54263-C96B-4539-89F4-C9E6BA851C8F}.Release|iPhone.ActiveCfg = Release|Any CPU
		{47F54263-C96B-4539-89F4-C9E6BA851C8F}.Release|iPhone.Build.0 = Release|Any CPU
		{47F54263-C96B-4539-89F4-C9E6BA851C8F}.Release|iPhoneSimulator.ActiveCfg = Release|Any CPU
		{47F54263-C96B-4539-89F4-C9E6BA851C8F}.Release|iPhoneSimulator.Build.0 = Release|Any CPU
		{47F54263-C96B-4539-89F4-C9E6BA851C8F}.Release|x64.ActiveCfg = Release|Any CPU
		{47F54263-C96B-4539-89F4-C9E6BA851C8F}.Release|x64.Build.0 = Release|Any CPU
		{47F54263-C96B-4539-89F4-C9E6BA851C8F}.Release|x86.ActiveCfg = Release|Any CPU
		{47F54263-C96B-4539-89F4-C9E6BA851C8F}.Release|x86.Build.0 = Release|Any CPU
		{B3CC137F-F01F-41D7-BEDB-AB2A799CAAD5}.Ad-Hoc|Any CPU.ActiveCfg = Release|Any CPU
		{B3CC137F-F01F-41D7-BEDB-AB2A799CAAD5}.Ad-Hoc|Any CPU.Build.0 = Release|Any CPU
		{B3CC137F-F01F-41D7-BEDB-AB2A799CAAD5}.Ad-Hoc|Any CPU.Deploy.0 = Release|Any CPU
		{B3CC137F-F01F-41D7-BEDB-AB2A799CAAD5}.Ad-Hoc|ARM.ActiveCfg = Release|Any CPU
		{B3CC137F-F01F-41D7-BEDB-AB2A799CAAD5}.Ad-Hoc|ARM.Build.0 = Release|Any CPU
		{B3CC137F-F01F-41D7-BEDB-AB2A799CAAD5}.Ad-Hoc|ARM.Deploy.0 = Release|Any CPU
		{B3CC137F-F01F-41D7-BEDB-AB2A799CAAD5}.Ad-Hoc|iPhone.ActiveCfg = Release|Any CPU
		{B3CC137F-F01F-41D7-BEDB-AB2A799CAAD5}.Ad-Hoc|iPhone.Build.0 = Release|Any CPU
		{B3CC137F-F01F-41D7-BEDB-AB2A799CAAD5}.Ad-Hoc|iPhone.Deploy.0 = Release|Any CPU
		{B3CC137F-F01F-41D7-BEDB-AB2A799CAAD5}.Ad-Hoc|iPhoneSimulator.ActiveCfg = Release|Any CPU
		{B3CC137F-F01F-41D7-BEDB-AB2A799CAAD5}.Ad-Hoc|iPhoneSimulator.Build.0 = Release|Any CPU
		{B3CC137F-F01F-41D7-BEDB-AB2A799CAAD5}.Ad-Hoc|iPhoneSimulator.Deploy.0 = Release|Any CPU
		{B3CC137F-F01F-41D7-BEDB-AB2A799CAAD5}.Ad-Hoc|x64.ActiveCfg = Release|Any CPU
		{B3CC137F-F01F-41D7-BEDB-AB2A799CAAD5}.Ad-Hoc|x64.Build.0 = Release|Any CPU
		{B3CC137F-F01F-41D7-BEDB-AB2A799CAAD5}.Ad-Hoc|x64.Deploy.0 = Release|Any CPU
		{B3CC137F-F01F-41D7-BEDB-AB2A799CAAD5}.Ad-Hoc|x86.ActiveCfg = Release|Any CPU
		{B3CC137F-F01F-41D7-BEDB-AB2A799CAAD5}.Ad-Hoc|x86.Build.0 = Release|Any CPU
		{B3CC137F-F01F-41D7-BEDB-AB2A799CAAD5}.Ad-Hoc|x86.Deploy.0 = Release|Any CPU
		{B3CC137F-F01F-41D7-BEDB-AB2A799CAAD5}.AppStore|Any CPU.ActiveCfg = Release|Any CPU
		{B3CC137F-F01F-41D7-BEDB-AB2A799CAAD5}.AppStore|Any CPU.Build.0 = Release|Any CPU
		{B3CC137F-F01F-41D7-BEDB-AB2A799CAAD5}.AppStore|Any CPU.Deploy.0 = Release|Any CPU
		{B3CC137F-F01F-41D7-BEDB-AB2A799CAAD5}.AppStore|ARM.ActiveCfg = Release|Any CPU
		{B3CC137F-F01F-41D7-BEDB-AB2A799CAAD5}.AppStore|ARM.Build.0 = Release|Any CPU
		{B3CC137F-F01F-41D7-BEDB-AB2A799CAAD5}.AppStore|ARM.Deploy.0 = Release|Any CPU
		{B3CC137F-F01F-41D7-BEDB-AB2A799CAAD5}.AppStore|iPhone.ActiveCfg = Release|Any CPU
		{B3CC137F-F01F-41D7-BEDB-AB2A799CAAD5}.AppStore|iPhone.Build.0 = Release|Any CPU
		{B3CC137F-F01F-41D7-BEDB-AB2A799CAAD5}.AppStore|iPhone.Deploy.0 = Release|Any CPU
		{B3CC137F-F01F-41D7-BEDB-AB2A799CAAD5}.AppStore|iPhoneSimulator.ActiveCfg = Release|Any CPU
		{B3CC137F-F01F-41D7-BEDB-AB2A799CAAD5}.AppStore|iPhoneSimulator.Build.0 = Release|Any CPU
		{B3CC137F-F01F-41D7-BEDB-AB2A799CAAD5}.AppStore|iPhoneSimulator.Deploy.0 = Release|Any CPU
		{B3CC137F-F01F-41D7-BEDB-AB2A799CAAD5}.AppStore|x64.ActiveCfg = Release|Any CPU
		{B3CC137F-F01F-41D7-BEDB-AB2A799CAAD5}.AppStore|x64.Build.0 = Release|Any CPU
		{B3CC137F-F01F-41D7-BEDB-AB2A799CAAD5}.AppStore|x64.Deploy.0 = Release|Any CPU
		{B3CC137F-F01F-41D7-BEDB-AB2A799CAAD5}.AppStore|x86.ActiveCfg = Release|Any CPU
		{B3CC137F-F01F-41D7-BEDB-AB2A799CAAD5}.AppStore|x86.Build.0 = Release|Any CPU
		{B3CC137F-F01F-41D7-BEDB-AB2A799CAAD5}.AppStore|x86.Deploy.0 = Release|Any CPU
		{B3CC137F-F01F-41D7-BEDB-AB2A799CAAD5}.Debug|Any CPU.ActiveCfg = Debug|Any CPU
		{B3CC137F-F01F-41D7-BEDB-AB2A799CAAD5}.Debug|Any CPU.Build.0 = Debug|Any CPU
		{B3CC137F-F01F-41D7-BEDB-AB2A799CAAD5}.Debug|Any CPU.Deploy.0 = Debug|Any CPU
		{B3CC137F-F01F-41D7-BEDB-AB2A799CAAD5}.Debug|ARM.ActiveCfg = Debug|Any CPU
		{B3CC137F-F01F-41D7-BEDB-AB2A799CAAD5}.Debug|ARM.Build.0 = Debug|Any CPU
		{B3CC137F-F01F-41D7-BEDB-AB2A799CAAD5}.Debug|ARM.Deploy.0 = Debug|Any CPU
		{B3CC137F-F01F-41D7-BEDB-AB2A799CAAD5}.Debug|iPhone.ActiveCfg = Debug|Any CPU
		{B3CC137F-F01F-41D7-BEDB-AB2A799CAAD5}.Debug|iPhone.Build.0 = Debug|Any CPU
		{B3CC137F-F01F-41D7-BEDB-AB2A799CAAD5}.Debug|iPhone.Deploy.0 = Debug|Any CPU
		{B3CC137F-F01F-41D7-BEDB-AB2A799CAAD5}.Debug|iPhoneSimulator.ActiveCfg = Debug|Any CPU
		{B3CC137F-F01F-41D7-BEDB-AB2A799CAAD5}.Debug|iPhoneSimulator.Build.0 = Debug|Any CPU
		{B3CC137F-F01F-41D7-BEDB-AB2A799CAAD5}.Debug|iPhoneSimulator.Deploy.0 = Debug|Any CPU
		{B3CC137F-F01F-41D7-BEDB-AB2A799CAAD5}.Debug|x64.ActiveCfg = Debug|Any CPU
		{B3CC137F-F01F-41D7-BEDB-AB2A799CAAD5}.Debug|x64.Build.0 = Debug|Any CPU
		{B3CC137F-F01F-41D7-BEDB-AB2A799CAAD5}.Debug|x64.Deploy.0 = Debug|Any CPU
		{B3CC137F-F01F-41D7-BEDB-AB2A799CAAD5}.Debug|x86.ActiveCfg = Debug|Any CPU
		{B3CC137F-F01F-41D7-BEDB-AB2A799CAAD5}.Debug|x86.Build.0 = Debug|Any CPU
		{B3CC137F-F01F-41D7-BEDB-AB2A799CAAD5}.Debug|x86.Deploy.0 = Debug|Any CPU
		{B3CC137F-F01F-41D7-BEDB-AB2A799CAAD5}.Release|Any CPU.ActiveCfg = Release|Any CPU
		{B3CC137F-F01F-41D7-BEDB-AB2A799CAAD5}.Release|Any CPU.Build.0 = Release|Any CPU
		{B3CC137F-F01F-41D7-BEDB-AB2A799CAAD5}.Release|Any CPU.Deploy.0 = Release|Any CPU
		{B3CC137F-F01F-41D7-BEDB-AB2A799CAAD5}.Release|ARM.ActiveCfg = Release|Any CPU
		{B3CC137F-F01F-41D7-BEDB-AB2A799CAAD5}.Release|ARM.Build.0 = Release|Any CPU
		{B3CC137F-F01F-41D7-BEDB-AB2A799CAAD5}.Release|ARM.Deploy.0 = Release|Any CPU
		{B3CC137F-F01F-41D7-BEDB-AB2A799CAAD5}.Release|iPhone.ActiveCfg = Release|Any CPU
		{B3CC137F-F01F-41D7-BEDB-AB2A799CAAD5}.Release|iPhone.Build.0 = Release|Any CPU
		{B3CC137F-F01F-41D7-BEDB-AB2A799CAAD5}.Release|iPhone.Deploy.0 = Release|Any CPU
		{B3CC137F-F01F-41D7-BEDB-AB2A799CAAD5}.Release|iPhoneSimulator.ActiveCfg = Release|Any CPU
		{B3CC137F-F01F-41D7-BEDB-AB2A799CAAD5}.Release|iPhoneSimulator.Build.0 = Release|Any CPU
		{B3CC137F-F01F-41D7-BEDB-AB2A799CAAD5}.Release|iPhoneSimulator.Deploy.0 = Release|Any CPU
		{B3CC137F-F01F-41D7-BEDB-AB2A799CAAD5}.Release|x64.ActiveCfg = Release|Any CPU
		{B3CC137F-F01F-41D7-BEDB-AB2A799CAAD5}.Release|x64.Build.0 = Release|Any CPU
		{B3CC137F-F01F-41D7-BEDB-AB2A799CAAD5}.Release|x64.Deploy.0 = Release|Any CPU
		{B3CC137F-F01F-41D7-BEDB-AB2A799CAAD5}.Release|x86.ActiveCfg = Release|Any CPU
		{B3CC137F-F01F-41D7-BEDB-AB2A799CAAD5}.Release|x86.Build.0 = Release|Any CPU
		{B3CC137F-F01F-41D7-BEDB-AB2A799CAAD5}.Release|x86.Deploy.0 = Release|Any CPU
		{2CEFB71E-ABCA-4F3A-9FC5-DBB9E110694D}.Ad-Hoc|Any CPU.ActiveCfg = Ad-Hoc|iPhone
		{2CEFB71E-ABCA-4F3A-9FC5-DBB9E110694D}.Ad-Hoc|ARM.ActiveCfg = Ad-Hoc|iPhone
		{2CEFB71E-ABCA-4F3A-9FC5-DBB9E110694D}.Ad-Hoc|iPhone.ActiveCfg = Ad-Hoc|iPhone
		{2CEFB71E-ABCA-4F3A-9FC5-DBB9E110694D}.Ad-Hoc|iPhone.Build.0 = Ad-Hoc|iPhone
		{2CEFB71E-ABCA-4F3A-9FC5-DBB9E110694D}.Ad-Hoc|iPhoneSimulator.ActiveCfg = Ad-Hoc|iPhoneSimulator
		{2CEFB71E-ABCA-4F3A-9FC5-DBB9E110694D}.Ad-Hoc|iPhoneSimulator.Build.0 = Ad-Hoc|iPhoneSimulator
		{2CEFB71E-ABCA-4F3A-9FC5-DBB9E110694D}.Ad-Hoc|x64.ActiveCfg = Ad-Hoc|iPhone
		{2CEFB71E-ABCA-4F3A-9FC5-DBB9E110694D}.Ad-Hoc|x86.ActiveCfg = Ad-Hoc|iPhone
		{2CEFB71E-ABCA-4F3A-9FC5-DBB9E110694D}.AppStore|Any CPU.ActiveCfg = AppStore|iPhone
		{2CEFB71E-ABCA-4F3A-9FC5-DBB9E110694D}.AppStore|ARM.ActiveCfg = AppStore|iPhone
		{2CEFB71E-ABCA-4F3A-9FC5-DBB9E110694D}.AppStore|iPhone.ActiveCfg = AppStore|iPhone
		{2CEFB71E-ABCA-4F3A-9FC5-DBB9E110694D}.AppStore|iPhone.Build.0 = AppStore|iPhone
		{2CEFB71E-ABCA-4F3A-9FC5-DBB9E110694D}.AppStore|iPhoneSimulator.ActiveCfg = AppStore|iPhoneSimulator
		{2CEFB71E-ABCA-4F3A-9FC5-DBB9E110694D}.AppStore|iPhoneSimulator.Build.0 = AppStore|iPhoneSimulator
		{2CEFB71E-ABCA-4F3A-9FC5-DBB9E110694D}.AppStore|x64.ActiveCfg = AppStore|iPhone
		{2CEFB71E-ABCA-4F3A-9FC5-DBB9E110694D}.AppStore|x86.ActiveCfg = AppStore|iPhone
		{2CEFB71E-ABCA-4F3A-9FC5-DBB9E110694D}.Debug|Any CPU.ActiveCfg = Debug|iPhone
		{2CEFB71E-ABCA-4F3A-9FC5-DBB9E110694D}.Debug|ARM.ActiveCfg = Debug|iPhone
		{2CEFB71E-ABCA-4F3A-9FC5-DBB9E110694D}.Debug|iPhone.ActiveCfg = Debug|iPhone
		{2CEFB71E-ABCA-4F3A-9FC5-DBB9E110694D}.Debug|iPhone.Build.0 = Debug|iPhone
		{2CEFB71E-ABCA-4F3A-9FC5-DBB9E110694D}.Debug|iPhoneSimulator.ActiveCfg = Debug|iPhoneSimulator
		{2CEFB71E-ABCA-4F3A-9FC5-DBB9E110694D}.Debug|iPhoneSimulator.Build.0 = Debug|iPhoneSimulator
		{2CEFB71E-ABCA-4F3A-9FC5-DBB9E110694D}.Debug|x64.ActiveCfg = Debug|iPhone
		{2CEFB71E-ABCA-4F3A-9FC5-DBB9E110694D}.Debug|x86.ActiveCfg = Debug|iPhone
		{2CEFB71E-ABCA-4F3A-9FC5-DBB9E110694D}.Release|Any CPU.ActiveCfg = Release|iPhone
		{2CEFB71E-ABCA-4F3A-9FC5-DBB9E110694D}.Release|ARM.ActiveCfg = Release|iPhone
		{2CEFB71E-ABCA-4F3A-9FC5-DBB9E110694D}.Release|iPhone.ActiveCfg = Release|iPhone
		{2CEFB71E-ABCA-4F3A-9FC5-DBB9E110694D}.Release|iPhone.Build.0 = Release|iPhone
		{2CEFB71E-ABCA-4F3A-9FC5-DBB9E110694D}.Release|iPhoneSimulator.ActiveCfg = Release|iPhoneSimulator
		{2CEFB71E-ABCA-4F3A-9FC5-DBB9E110694D}.Release|iPhoneSimulator.Build.0 = Release|iPhoneSimulator
		{2CEFB71E-ABCA-4F3A-9FC5-DBB9E110694D}.Release|x64.ActiveCfg = Release|iPhone
		{2CEFB71E-ABCA-4F3A-9FC5-DBB9E110694D}.Release|x86.ActiveCfg = Release|iPhone
		{10138302-8960-42EA-8553-ABCF9D63097C}.Ad-Hoc|Any CPU.ActiveCfg = Release|x86
		{10138302-8960-42EA-8553-ABCF9D63097C}.Ad-Hoc|Any CPU.Build.0 = Release|x86
		{10138302-8960-42EA-8553-ABCF9D63097C}.Ad-Hoc|Any CPU.Deploy.0 = Release|x86
		{10138302-8960-42EA-8553-ABCF9D63097C}.Ad-Hoc|ARM.ActiveCfg = Release|ARM
		{10138302-8960-42EA-8553-ABCF9D63097C}.Ad-Hoc|ARM.Build.0 = Release|ARM
		{10138302-8960-42EA-8553-ABCF9D63097C}.Ad-Hoc|ARM.Deploy.0 = Release|ARM
		{10138302-8960-42EA-8553-ABCF9D63097C}.Ad-Hoc|iPhone.ActiveCfg = Release|x86
		{10138302-8960-42EA-8553-ABCF9D63097C}.Ad-Hoc|iPhone.Build.0 = Release|x86
		{10138302-8960-42EA-8553-ABCF9D63097C}.Ad-Hoc|iPhone.Deploy.0 = Release|x86
		{10138302-8960-42EA-8553-ABCF9D63097C}.Ad-Hoc|iPhoneSimulator.ActiveCfg = Release|x86
		{10138302-8960-42EA-8553-ABCF9D63097C}.Ad-Hoc|iPhoneSimulator.Build.0 = Release|x86
		{10138302-8960-42EA-8553-ABCF9D63097C}.Ad-Hoc|iPhoneSimulator.Deploy.0 = Release|x86
		{10138302-8960-42EA-8553-ABCF9D63097C}.Ad-Hoc|x64.ActiveCfg = Release|x64
		{10138302-8960-42EA-8553-ABCF9D63097C}.Ad-Hoc|x64.Build.0 = Release|x64
		{10138302-8960-42EA-8553-ABCF9D63097C}.Ad-Hoc|x64.Deploy.0 = Release|x64
		{10138302-8960-42EA-8553-ABCF9D63097C}.Ad-Hoc|x86.ActiveCfg = Release|x86
		{10138302-8960-42EA-8553-ABCF9D63097C}.Ad-Hoc|x86.Build.0 = Release|x86
		{10138302-8960-42EA-8553-ABCF9D63097C}.Ad-Hoc|x86.Deploy.0 = Release|x86
		{10138302-8960-42EA-8553-ABCF9D63097C}.AppStore|Any CPU.ActiveCfg = Release|x86
		{10138302-8960-42EA-8553-ABCF9D63097C}.AppStore|Any CPU.Build.0 = Release|x86
		{10138302-8960-42EA-8553-ABCF9D63097C}.AppStore|Any CPU.Deploy.0 = Release|x86
		{10138302-8960-42EA-8553-ABCF9D63097C}.AppStore|ARM.ActiveCfg = Release|ARM
		{10138302-8960-42EA-8553-ABCF9D63097C}.AppStore|ARM.Build.0 = Release|ARM
		{10138302-8960-42EA-8553-ABCF9D63097C}.AppStore|ARM.Deploy.0 = Release|ARM
		{10138302-8960-42EA-8553-ABCF9D63097C}.AppStore|iPhone.ActiveCfg = Release|x86
		{10138302-8960-42EA-8553-ABCF9D63097C}.AppStore|iPhone.Build.0 = Release|x86
		{10138302-8960-42EA-8553-ABCF9D63097C}.AppStore|iPhone.Deploy.0 = Release|x86
		{10138302-8960-42EA-8553-ABCF9D63097C}.AppStore|iPhoneSimulator.ActiveCfg = Release|x86
		{10138302-8960-42EA-8553-ABCF9D63097C}.AppStore|iPhoneSimulator.Build.0 = Release|x86
		{10138302-8960-42EA-8553-ABCF9D63097C}.AppStore|iPhoneSimulator.Deploy.0 = Release|x86
		{10138302-8960-42EA-8553-ABCF9D63097C}.AppStore|x64.ActiveCfg = Release|x64
		{10138302-8960-42EA-8553-ABCF9D63097C}.AppStore|x64.Build.0 = Release|x64
		{10138302-8960-42EA-8553-ABCF9D63097C}.AppStore|x64.Deploy.0 = Release|x64
		{10138302-8960-42EA-8553-ABCF9D63097C}.AppStore|x86.ActiveCfg = Release|x86
		{10138302-8960-42EA-8553-ABCF9D63097C}.AppStore|x86.Build.0 = Release|x86
		{10138302-8960-42EA-8553-ABCF9D63097C}.AppStore|x86.Deploy.0 = Release|x86
		{10138302-8960-42EA-8553-ABCF9D63097C}.Debug|Any CPU.ActiveCfg = Debug|x86
		{10138302-8960-42EA-8553-ABCF9D63097C}.Debug|Any CPU.Build.0 = Debug|x86
		{10138302-8960-42EA-8553-ABCF9D63097C}.Debug|Any CPU.Deploy.0 = Debug|x86
		{10138302-8960-42EA-8553-ABCF9D63097C}.Debug|ARM.ActiveCfg = Debug|ARM
		{10138302-8960-42EA-8553-ABCF9D63097C}.Debug|ARM.Build.0 = Debug|ARM
		{10138302-8960-42EA-8553-ABCF9D63097C}.Debug|ARM.Deploy.0 = Debug|ARM
		{10138302-8960-42EA-8553-ABCF9D63097C}.Debug|iPhone.ActiveCfg = Debug|x86
		{10138302-8960-42EA-8553-ABCF9D63097C}.Debug|iPhoneSimulator.ActiveCfg = Debug|x86
		{10138302-8960-42EA-8553-ABCF9D63097C}.Debug|x64.ActiveCfg = Debug|x64
		{10138302-8960-42EA-8553-ABCF9D63097C}.Debug|x64.Build.0 = Debug|x64
		{10138302-8960-42EA-8553-ABCF9D63097C}.Debug|x64.Deploy.0 = Debug|x64
		{10138302-8960-42EA-8553-ABCF9D63097C}.Debug|x86.ActiveCfg = Debug|x86
		{10138302-8960-42EA-8553-ABCF9D63097C}.Debug|x86.Build.0 = Debug|x86
		{10138302-8960-42EA-8553-ABCF9D63097C}.Debug|x86.Deploy.0 = Debug|x86
		{10138302-8960-42EA-8553-ABCF9D63097C}.Release|Any CPU.ActiveCfg = Release|x86
		{10138302-8960-42EA-8553-ABCF9D63097C}.Release|ARM.ActiveCfg = Release|ARM
		{10138302-8960-42EA-8553-ABCF9D63097C}.Release|ARM.Build.0 = Release|ARM
		{10138302-8960-42EA-8553-ABCF9D63097C}.Release|ARM.Deploy.0 = Release|ARM
		{10138302-8960-42EA-8553-ABCF9D63097C}.Release|iPhone.ActiveCfg = Release|x86
		{10138302-8960-42EA-8553-ABCF9D63097C}.Release|iPhoneSimulator.ActiveCfg = Release|x86
		{10138302-8960-42EA-8553-ABCF9D63097C}.Release|x64.ActiveCfg = Release|x64
		{10138302-8960-42EA-8553-ABCF9D63097C}.Release|x64.Build.0 = Release|x64
		{10138302-8960-42EA-8553-ABCF9D63097C}.Release|x64.Deploy.0 = Release|x64
		{10138302-8960-42EA-8553-ABCF9D63097C}.Release|x86.ActiveCfg = Release|x86
		{10138302-8960-42EA-8553-ABCF9D63097C}.Release|x86.Build.0 = Release|x86
		{10138302-8960-42EA-8553-ABCF9D63097C}.Release|x86.Deploy.0 = Release|x86
		{3F1852C9-8165-4CF9-A6B0-91B5995C56A0}.Ad-Hoc|Any CPU.ActiveCfg = Release|Any CPU
		{3F1852C9-8165-4CF9-A6B0-91B5995C56A0}.Ad-Hoc|Any CPU.Build.0 = Release|Any CPU
		{3F1852C9-8165-4CF9-A6B0-91B5995C56A0}.Ad-Hoc|ARM.ActiveCfg = Release|Any CPU
		{3F1852C9-8165-4CF9-A6B0-91B5995C56A0}.Ad-Hoc|ARM.Build.0 = Release|Any CPU
		{3F1852C9-8165-4CF9-A6B0-91B5995C56A0}.Ad-Hoc|iPhone.ActiveCfg = Release|Any CPU
		{3F1852C9-8165-4CF9-A6B0-91B5995C56A0}.Ad-Hoc|iPhone.Build.0 = Release|Any CPU
		{3F1852C9-8165-4CF9-A6B0-91B5995C56A0}.Ad-Hoc|iPhoneSimulator.ActiveCfg = Release|Any CPU
		{3F1852C9-8165-4CF9-A6B0-91B5995C56A0}.Ad-Hoc|iPhoneSimulator.Build.0 = Release|Any CPU
		{3F1852C9-8165-4CF9-A6B0-91B5995C56A0}.Ad-Hoc|x64.ActiveCfg = Release|Any CPU
		{3F1852C9-8165-4CF9-A6B0-91B5995C56A0}.Ad-Hoc|x64.Build.0 = Release|Any CPU
		{3F1852C9-8165-4CF9-A6B0-91B5995C56A0}.Ad-Hoc|x86.ActiveCfg = Release|Any CPU
		{3F1852C9-8165-4CF9-A6B0-91B5995C56A0}.Ad-Hoc|x86.Build.0 = Release|Any CPU
		{3F1852C9-8165-4CF9-A6B0-91B5995C56A0}.AppStore|Any CPU.ActiveCfg = Release|Any CPU
		{3F1852C9-8165-4CF9-A6B0-91B5995C56A0}.AppStore|Any CPU.Build.0 = Release|Any CPU
		{3F1852C9-8165-4CF9-A6B0-91B5995C56A0}.AppStore|ARM.ActiveCfg = Release|Any CPU
		{3F1852C9-8165-4CF9-A6B0-91B5995C56A0}.AppStore|ARM.Build.0 = Release|Any CPU
		{3F1852C9-8165-4CF9-A6B0-91B5995C56A0}.AppStore|iPhone.ActiveCfg = Release|Any CPU
		{3F1852C9-8165-4CF9-A6B0-91B5995C56A0}.AppStore|iPhone.Build.0 = Release|Any CPU
		{3F1852C9-8165-4CF9-A6B0-91B5995C56A0}.AppStore|iPhoneSimulator.ActiveCfg = Release|Any CPU
		{3F1852C9-8165-4CF9-A6B0-91B5995C56A0}.AppStore|iPhoneSimulator.Build.0 = Release|Any CPU
		{3F1852C9-8165-4CF9-A6B0-91B5995C56A0}.AppStore|x64.ActiveCfg = Release|Any CPU
		{3F1852C9-8165-4CF9-A6B0-91B5995C56A0}.AppStore|x64.Build.0 = Release|Any CPU
		{3F1852C9-8165-4CF9-A6B0-91B5995C56A0}.AppStore|x86.ActiveCfg = Release|Any CPU
		{3F1852C9-8165-4CF9-A6B0-91B5995C56A0}.AppStore|x86.Build.0 = Release|Any CPU
		{3F1852C9-8165-4CF9-A6B0-91B5995C56A0}.Debug|Any CPU.ActiveCfg = Debug|Any CPU
		{3F1852C9-8165-4CF9-A6B0-91B5995C56A0}.Debug|Any CPU.Build.0 = Debug|Any CPU
		{3F1852C9-8165-4CF9-A6B0-91B5995C56A0}.Debug|ARM.ActiveCfg = Debug|Any CPU
		{3F1852C9-8165-4CF9-A6B0-91B5995C56A0}.Debug|ARM.Build.0 = Debug|Any CPU
		{3F1852C9-8165-4CF9-A6B0-91B5995C56A0}.Debug|iPhone.ActiveCfg = Debug|Any CPU
		{3F1852C9-8165-4CF9-A6B0-91B5995C56A0}.Debug|iPhone.Build.0 = Debug|Any CPU
		{3F1852C9-8165-4CF9-A6B0-91B5995C56A0}.Debug|iPhoneSimulator.ActiveCfg = Debug|Any CPU
		{3F1852C9-8165-4CF9-A6B0-91B5995C56A0}.Debug|iPhoneSimulator.Build.0 = Debug|Any CPU
		{3F1852C9-8165-4CF9-A6B0-91B5995C56A0}.Debug|x64.ActiveCfg = Debug|Any CPU
		{3F1852C9-8165-4CF9-A6B0-91B5995C56A0}.Debug|x64.Build.0 = Debug|Any CPU
		{3F1852C9-8165-4CF9-A6B0-91B5995C56A0}.Debug|x86.ActiveCfg = Debug|Any CPU
		{3F1852C9-8165-4CF9-A6B0-91B5995C56A0}.Debug|x86.Build.0 = Debug|Any CPU
		{3F1852C9-8165-4CF9-A6B0-91B5995C56A0}.Release|Any CPU.ActiveCfg = Release|Any CPU
		{3F1852C9-8165-4CF9-A6B0-91B5995C56A0}.Release|Any CPU.Build.0 = Release|Any CPU
		{3F1852C9-8165-4CF9-A6B0-91B5995C56A0}.Release|ARM.ActiveCfg = Release|Any CPU
		{3F1852C9-8165-4CF9-A6B0-91B5995C56A0}.Release|ARM.Build.0 = Release|Any CPU
		{3F1852C9-8165-4CF9-A6B0-91B5995C56A0}.Release|iPhone.ActiveCfg = Release|Any CPU
		{3F1852C9-8165-4CF9-A6B0-91B5995C56A0}.Release|iPhone.Build.0 = Release|Any CPU
		{3F1852C9-8165-4CF9-A6B0-91B5995C56A0}.Release|iPhoneSimulator.ActiveCfg = Release|Any CPU
		{3F1852C9-8165-4CF9-A6B0-91B5995C56A0}.Release|iPhoneSimulator.Build.0 = Release|Any CPU
		{3F1852C9-8165-4CF9-A6B0-91B5995C56A0}.Release|x64.ActiveCfg = Release|Any CPU
		{3F1852C9-8165-4CF9-A6B0-91B5995C56A0}.Release|x64.Build.0 = Release|Any CPU
		{3F1852C9-8165-4CF9-A6B0-91B5995C56A0}.Release|x86.ActiveCfg = Release|Any CPU
		{3F1852C9-8165-4CF9-A6B0-91B5995C56A0}.Release|x86.Build.0 = Release|Any CPU
		{5B9D2E14-97EC-400F-9DED-CDFA01FA0643}.Ad-Hoc|Any CPU.ActiveCfg = Release|x64
		{5B9D2E14-97EC-400F-9DED-CDFA01FA0643}.Ad-Hoc|Any CPU.Build.0 = Release|x64
		{5B9D2E14-97EC-400F-9DED-CDFA01FA0643}.Ad-Hoc|ARM.ActiveCfg = Release|x64
		{5B9D2E14-97EC-400F-9DED-CDFA01FA0643}.Ad-Hoc|ARM.Build.0 = Release|x64
		{5B9D2E14-97EC-400F-9DED-CDFA01FA0643}.Ad-Hoc|iPhone.ActiveCfg = Release|x64
		{5B9D2E14-97EC-400F-9DED-CDFA01FA0643}.Ad-Hoc|iPhone.Build.0 = Release|x64
		{5B9D2E14-97EC-400F-9DED-CDFA01FA0643}.Ad-Hoc|iPhoneSimulator.ActiveCfg = Release|x64
		{5B9D2E14-97EC-400F-9DED-CDFA01FA0643}.Ad-Hoc|iPhoneSimulator.Build.0 = Release|x64
		{5B9D2E14-97EC-400F-9DED-CDFA01FA0643}.Ad-Hoc|x64.ActiveCfg = Release|x64
		{5B9D2E14-97EC-400F-9DED-CDFA01FA0643}.Ad-Hoc|x64.Build.0 = Release|x64
		{5B9D2E14-97EC-400F-9DED-CDFA01FA0643}.Ad-Hoc|x86.ActiveCfg = Release|x64
		{5B9D2E14-97EC-400F-9DED-CDFA01FA0643}.Ad-Hoc|x86.Build.0 = Release|x64
		{5B9D2E14-97EC-400F-9DED-CDFA01FA0643}.AppStore|Any CPU.ActiveCfg = Release|x64
		{5B9D2E14-97EC-400F-9DED-CDFA01FA0643}.AppStore|Any CPU.Build.0 = Release|x64
		{5B9D2E14-97EC-400F-9DED-CDFA01FA0643}.AppStore|ARM.ActiveCfg = Release|x64
		{5B9D2E14-97EC-400F-9DED-CDFA01FA0643}.AppStore|ARM.Build.0 = Release|x64
		{5B9D2E14-97EC-400F-9DED-CDFA01FA0643}.AppStore|iPhone.ActiveCfg = Release|x64
		{5B9D2E14-97EC-400F-9DED-CDFA01FA0643}.AppStore|iPhone.Build.0 = Release|x64
		{5B9D2E14-97EC-400F-9DED-CDFA01FA0643}.AppStore|iPhoneSimulator.ActiveCfg = Release|x64
		{5B9D2E14-97EC-400F-9DED-CDFA01FA0643}.AppStore|iPhoneSimulator.Build.0 = Release|x64
		{5B9D2E14-97EC-400F-9DED-CDFA01FA0643}.AppStore|x64.ActiveCfg = Release|x64
		{5B9D2E14-97EC-400F-9DED-CDFA01FA0643}.AppStore|x64.Build.0 = Release|x64
		{5B9D2E14-97EC-400F-9DED-CDFA01FA0643}.AppStore|x86.ActiveCfg = Release|x64
		{5B9D2E14-97EC-400F-9DED-CDFA01FA0643}.AppStore|x86.Build.0 = Release|x64
		{5B9D2E14-97EC-400F-9DED-CDFA01FA0643}.Debug|Any CPU.ActiveCfg = Debug|x64
		{5B9D2E14-97EC-400F-9DED-CDFA01FA0643}.Debug|ARM.ActiveCfg = Debug|x64
		{5B9D2E14-97EC-400F-9DED-CDFA01FA0643}.Debug|iPhone.ActiveCfg = Debug|x64
		{5B9D2E14-97EC-400F-9DED-CDFA01FA0643}.Debug|iPhoneSimulator.ActiveCfg = Debug|x64
		{5B9D2E14-97EC-400F-9DED-CDFA01FA0643}.Debug|x64.ActiveCfg = Debug|x64
		{5B9D2E14-97EC-400F-9DED-CDFA01FA0643}.Debug|x64.Build.0 = Debug|x64
		{5B9D2E14-97EC-400F-9DED-CDFA01FA0643}.Debug|x86.ActiveCfg = Debug|x64
		{5B9D2E14-97EC-400F-9DED-CDFA01FA0643}.Release|Any CPU.ActiveCfg = Release|x64
		{5B9D2E14-97EC-400F-9DED-CDFA01FA0643}.Release|ARM.ActiveCfg = Release|x64
		{5B9D2E14-97EC-400F-9DED-CDFA01FA0643}.Release|iPhone.ActiveCfg = Release|x64
		{5B9D2E14-97EC-400F-9DED-CDFA01FA0643}.Release|iPhoneSimulator.ActiveCfg = Release|x64
		{5B9D2E14-97EC-400F-9DED-CDFA01FA0643}.Release|x64.ActiveCfg = Release|x64
		{5B9D2E14-97EC-400F-9DED-CDFA01FA0643}.Release|x64.Build.0 = Release|x64
		{5B9D2E14-97EC-400F-9DED-CDFA01FA0643}.Release|x86.ActiveCfg = Release|x64
		{B3A103C7-3420-4EAE-8C33-2C4D74237FA2}.Ad-Hoc|Any CPU.ActiveCfg = Release|x64
		{B3A103C7-3420-4EAE-8C33-2C4D74237FA2}.Ad-Hoc|Any CPU.Build.0 = Release|x64
		{B3A103C7-3420-4EAE-8C33-2C4D74237FA2}.Ad-Hoc|Any CPU.Deploy.0 = Release|x64
		{B3A103C7-3420-4EAE-8C33-2C4D74237FA2}.Ad-Hoc|ARM.ActiveCfg = Release|x64
		{B3A103C7-3420-4EAE-8C33-2C4D74237FA2}.Ad-Hoc|ARM.Build.0 = Release|x64
		{B3A103C7-3420-4EAE-8C33-2C4D74237FA2}.Ad-Hoc|ARM.Deploy.0 = Release|x64
		{B3A103C7-3420-4EAE-8C33-2C4D74237FA2}.Ad-Hoc|iPhone.ActiveCfg = Release|x64
		{B3A103C7-3420-4EAE-8C33-2C4D74237FA2}.Ad-Hoc|iPhone.Build.0 = Release|x64
		{B3A103C7-3420-4EAE-8C33-2C4D74237FA2}.Ad-Hoc|iPhone.Deploy.0 = Release|x64
		{B3A103C7-3420-4EAE-8C33-2C4D74237FA2}.Ad-Hoc|iPhoneSimulator.ActiveCfg = Release|x64
		{B3A103C7-3420-4EAE-8C33-2C4D74237FA2}.Ad-Hoc|iPhoneSimulator.Build.0 = Release|x64
		{B3A103C7-3420-4EAE-8C33-2C4D74237FA2}.Ad-Hoc|iPhoneSimulator.Deploy.0 = Release|x64
		{B3A103C7-3420-4EAE-8C33-2C4D74237FA2}.Ad-Hoc|x64.ActiveCfg = Release|x64
		{B3A103C7-3420-4EAE-8C33-2C4D74237FA2}.Ad-Hoc|x64.Build.0 = Release|x64
		{B3A103C7-3420-4EAE-8C33-2C4D74237FA2}.Ad-Hoc|x64.Deploy.0 = Release|x64
		{B3A103C7-3420-4EAE-8C33-2C4D74237FA2}.Ad-Hoc|x86.ActiveCfg = Release|x64
		{B3A103C7-3420-4EAE-8C33-2C4D74237FA2}.Ad-Hoc|x86.Build.0 = Release|x64
		{B3A103C7-3420-4EAE-8C33-2C4D74237FA2}.Ad-Hoc|x86.Deploy.0 = Release|x64
		{B3A103C7-3420-4EAE-8C33-2C4D74237FA2}.AppStore|Any CPU.ActiveCfg = Release|x64
		{B3A103C7-3420-4EAE-8C33-2C4D74237FA2}.AppStore|Any CPU.Build.0 = Release|x64
		{B3A103C7-3420-4EAE-8C33-2C4D74237FA2}.AppStore|Any CPU.Deploy.0 = Release|x64
		{B3A103C7-3420-4EAE-8C33-2C4D74237FA2}.AppStore|ARM.ActiveCfg = Release|x64
		{B3A103C7-3420-4EAE-8C33-2C4D74237FA2}.AppStore|ARM.Build.0 = Release|x64
		{B3A103C7-3420-4EAE-8C33-2C4D74237FA2}.AppStore|ARM.Deploy.0 = Release|x64
		{B3A103C7-3420-4EAE-8C33-2C4D74237FA2}.AppStore|iPhone.ActiveCfg = Release|x64
		{B3A103C7-3420-4EAE-8C33-2C4D74237FA2}.AppStore|iPhone.Build.0 = Release|x64
		{B3A103C7-3420-4EAE-8C33-2C4D74237FA2}.AppStore|iPhone.Deploy.0 = Release|x64
		{B3A103C7-3420-4EAE-8C33-2C4D74237FA2}.AppStore|iPhoneSimulator.ActiveCfg = Release|x64
		{B3A103C7-3420-4EAE-8C33-2C4D74237FA2}.AppStore|iPhoneSimulator.Build.0 = Release|x64
		{B3A103C7-3420-4EAE-8C33-2C4D74237FA2}.AppStore|iPhoneSimulator.Deploy.0 = Release|x64
		{B3A103C7-3420-4EAE-8C33-2C4D74237FA2}.AppStore|x64.ActiveCfg = Release|x64
		{B3A103C7-3420-4EAE-8C33-2C4D74237FA2}.AppStore|x64.Build.0 = Release|x64
		{B3A103C7-3420-4EAE-8C33-2C4D74237FA2}.AppStore|x64.Deploy.0 = Release|x64
		{B3A103C7-3420-4EAE-8C33-2C4D74237FA2}.AppStore|x86.ActiveCfg = Release|x64
		{B3A103C7-3420-4EAE-8C33-2C4D74237FA2}.AppStore|x86.Build.0 = Release|x64
		{B3A103C7-3420-4EAE-8C33-2C4D74237FA2}.AppStore|x86.Deploy.0 = Release|x64
		{B3A103C7-3420-4EAE-8C33-2C4D74237FA2}.Debug|Any CPU.ActiveCfg = Debug|x64
		{B3A103C7-3420-4EAE-8C33-2C4D74237FA2}.Debug|ARM.ActiveCfg = Debug|x64
		{B3A103C7-3420-4EAE-8C33-2C4D74237FA2}.Debug|iPhone.ActiveCfg = Debug|x64
		{B3A103C7-3420-4EAE-8C33-2C4D74237FA2}.Debug|iPhoneSimulator.ActiveCfg = Debug|x64
		{B3A103C7-3420-4EAE-8C33-2C4D74237FA2}.Debug|x64.ActiveCfg = Debug|x64
		{B3A103C7-3420-4EAE-8C33-2C4D74237FA2}.Debug|x64.Build.0 = Debug|x64
		{B3A103C7-3420-4EAE-8C33-2C4D74237FA2}.Debug|x64.Deploy.0 = Debug|x64
		{B3A103C7-3420-4EAE-8C33-2C4D74237FA2}.Debug|x86.ActiveCfg = Debug|x64
		{B3A103C7-3420-4EAE-8C33-2C4D74237FA2}.Release|Any CPU.ActiveCfg = Release|x64
		{B3A103C7-3420-4EAE-8C33-2C4D74237FA2}.Release|ARM.ActiveCfg = Release|x64
		{B3A103C7-3420-4EAE-8C33-2C4D74237FA2}.Release|iPhone.ActiveCfg = Release|x64
		{B3A103C7-3420-4EAE-8C33-2C4D74237FA2}.Release|iPhoneSimulator.ActiveCfg = Release|x64
		{B3A103C7-3420-4EAE-8C33-2C4D74237FA2}.Release|x64.ActiveCfg = Release|x64
		{B3A103C7-3420-4EAE-8C33-2C4D74237FA2}.Release|x64.Build.0 = Release|x64
		{B3A103C7-3420-4EAE-8C33-2C4D74237FA2}.Release|x64.Deploy.0 = Release|x64
		{B3A103C7-3420-4EAE-8C33-2C4D74237FA2}.Release|x86.ActiveCfg = Release|x64
		{357CD057-0CE8-430F-97EE-BC0E18BA649F}.Ad-Hoc|Any CPU.ActiveCfg = Release|Any CPU
		{357CD057-0CE8-430F-97EE-BC0E18BA649F}.Ad-Hoc|Any CPU.Build.0 = Release|Any CPU
		{357CD057-0CE8-430F-97EE-BC0E18BA649F}.Ad-Hoc|ARM.ActiveCfg = Release|Any CPU
		{357CD057-0CE8-430F-97EE-BC0E18BA649F}.Ad-Hoc|ARM.Build.0 = Release|Any CPU
		{357CD057-0CE8-430F-97EE-BC0E18BA649F}.Ad-Hoc|iPhone.ActiveCfg = Release|Any CPU
		{357CD057-0CE8-430F-97EE-BC0E18BA649F}.Ad-Hoc|iPhone.Build.0 = Release|Any CPU
		{357CD057-0CE8-430F-97EE-BC0E18BA649F}.Ad-Hoc|iPhoneSimulator.ActiveCfg = Release|Any CPU
		{357CD057-0CE8-430F-97EE-BC0E18BA649F}.Ad-Hoc|iPhoneSimulator.Build.0 = Release|Any CPU
		{357CD057-0CE8-430F-97EE-BC0E18BA649F}.Ad-Hoc|x64.ActiveCfg = Release|Any CPU
		{357CD057-0CE8-430F-97EE-BC0E18BA649F}.Ad-Hoc|x64.Build.0 = Release|Any CPU
		{357CD057-0CE8-430F-97EE-BC0E18BA649F}.Ad-Hoc|x86.ActiveCfg = Release|Any CPU
		{357CD057-0CE8-430F-97EE-BC0E18BA649F}.Ad-Hoc|x86.Build.0 = Release|Any CPU
		{357CD057-0CE8-430F-97EE-BC0E18BA649F}.AppStore|Any CPU.ActiveCfg = Release|Any CPU
		{357CD057-0CE8-430F-97EE-BC0E18BA649F}.AppStore|Any CPU.Build.0 = Release|Any CPU
		{357CD057-0CE8-430F-97EE-BC0E18BA649F}.AppStore|ARM.ActiveCfg = Release|Any CPU
		{357CD057-0CE8-430F-97EE-BC0E18BA649F}.AppStore|ARM.Build.0 = Release|Any CPU
		{357CD057-0CE8-430F-97EE-BC0E18BA649F}.AppStore|iPhone.ActiveCfg = Release|Any CPU
		{357CD057-0CE8-430F-97EE-BC0E18BA649F}.AppStore|iPhone.Build.0 = Release|Any CPU
		{357CD057-0CE8-430F-97EE-BC0E18BA649F}.AppStore|iPhoneSimulator.ActiveCfg = Release|Any CPU
		{357CD057-0CE8-430F-97EE-BC0E18BA649F}.AppStore|iPhoneSimulator.Build.0 = Release|Any CPU
		{357CD057-0CE8-430F-97EE-BC0E18BA649F}.AppStore|x64.ActiveCfg = Release|Any CPU
		{357CD057-0CE8-430F-97EE-BC0E18BA649F}.AppStore|x64.Build.0 = Release|Any CPU
		{357CD057-0CE8-430F-97EE-BC0E18BA649F}.AppStore|x86.ActiveCfg = Release|Any CPU
		{357CD057-0CE8-430F-97EE-BC0E18BA649F}.AppStore|x86.Build.0 = Release|Any CPU
		{357CD057-0CE8-430F-97EE-BC0E18BA649F}.Debug|Any CPU.ActiveCfg = Debug|Any CPU
		{357CD057-0CE8-430F-97EE-BC0E18BA649F}.Debug|Any CPU.Build.0 = Debug|Any CPU
		{357CD057-0CE8-430F-97EE-BC0E18BA649F}.Debug|ARM.ActiveCfg = Debug|Any CPU
		{357CD057-0CE8-430F-97EE-BC0E18BA649F}.Debug|ARM.Build.0 = Debug|Any CPU
		{357CD057-0CE8-430F-97EE-BC0E18BA649F}.Debug|iPhone.ActiveCfg = Debug|Any CPU
		{357CD057-0CE8-430F-97EE-BC0E18BA649F}.Debug|iPhone.Build.0 = Debug|Any CPU
		{357CD057-0CE8-430F-97EE-BC0E18BA649F}.Debug|iPhoneSimulator.ActiveCfg = Debug|Any CPU
		{357CD057-0CE8-430F-97EE-BC0E18BA649F}.Debug|iPhoneSimulator.Build.0 = Debug|Any CPU
		{357CD057-0CE8-430F-97EE-BC0E18BA649F}.Debug|x64.ActiveCfg = Debug|Any CPU
		{357CD057-0CE8-430F-97EE-BC0E18BA649F}.Debug|x64.Build.0 = Debug|Any CPU
		{357CD057-0CE8-430F-97EE-BC0E18BA649F}.Debug|x86.ActiveCfg = Debug|Any CPU
		{357CD057-0CE8-430F-97EE-BC0E18BA649F}.Debug|x86.Build.0 = Debug|Any CPU
		{357CD057-0CE8-430F-97EE-BC0E18BA649F}.Release|Any CPU.ActiveCfg = Release|Any CPU
		{357CD057-0CE8-430F-97EE-BC0E18BA649F}.Release|Any CPU.Build.0 = Release|Any CPU
		{357CD057-0CE8-430F-97EE-BC0E18BA649F}.Release|ARM.ActiveCfg = Release|Any CPU
		{357CD057-0CE8-430F-97EE-BC0E18BA649F}.Release|ARM.Build.0 = Release|Any CPU
		{357CD057-0CE8-430F-97EE-BC0E18BA649F}.Release|iPhone.ActiveCfg = Release|Any CPU
		{357CD057-0CE8-430F-97EE-BC0E18BA649F}.Release|iPhone.Build.0 = Release|Any CPU
		{357CD057-0CE8-430F-97EE-BC0E18BA649F}.Release|iPhoneSimulator.ActiveCfg = Release|Any CPU
		{357CD057-0CE8-430F-97EE-BC0E18BA649F}.Release|iPhoneSimulator.Build.0 = Release|Any CPU
		{357CD057-0CE8-430F-97EE-BC0E18BA649F}.Release|x64.ActiveCfg = Release|Any CPU
		{357CD057-0CE8-430F-97EE-BC0E18BA649F}.Release|x64.Build.0 = Release|Any CPU
		{357CD057-0CE8-430F-97EE-BC0E18BA649F}.Release|x86.ActiveCfg = Release|Any CPU
		{357CD057-0CE8-430F-97EE-BC0E18BA649F}.Release|x86.Build.0 = Release|Any CPU
	EndGlobalSection
	GlobalSection(SolutionProperties) = preSolution
		HideSolutionNode = FALSE
	EndGlobalSection
EndGlobal
